<?xml version="1.0" encoding="utf-8"?>
<Project ToolsVersion="4.0" xmlns="http://schemas.microsoft.com/developer/msbuild/2003">
  <ItemGroup>
    <Filter Include="Headers">
      <UniqueIdentifier>{cfc243d5-d1ea-4265-9875-b8c63e12fb79}</UniqueIdentifier>
    </Filter>
    <Filter Include="Utility">
      <UniqueIdentifier>{f5318660-9683-418c-8219-989eaa5432d8}</UniqueIdentifier>
    </Filter>
    <Filter Include="Utility\Base">
      <UniqueIdentifier>{7f0a1187-0c07-45e2-a96f-dbe797a43d78}</UniqueIdentifier>
    </Filter>
    <Filter Include="Utility\GameInstance">
      <UniqueIdentifier>{a3b28b56-b250-4440-8d60-2daf277dcb8e}</UniqueIdentifier>
    </Filter>
    <Filter Include="System">
      <UniqueIdentifier>{87b1b1b4-ef55-4dd3-a6cc-722f371c8b61}</UniqueIdentifier>
    </Filter>
    <Filter Include="Utility\Components">
      <UniqueIdentifier>{e023286e-84c5-4a47-9a9e-3f35db58f842}</UniqueIdentifier>
    </Filter>
    <Filter Include="Utility\GameInstance\Managers">
      <UniqueIdentifier>{6c74e53b-2698-468c-8702-b8616bcff5b7}</UniqueIdentifier>
    </Filter>
    <Filter Include="Utility\GameObjects">
      <UniqueIdentifier>{b648ccc0-ad02-49e2-8643-24c88c47df4b}</UniqueIdentifier>
    </Filter>
    <Filter Include="Utility\GameObjects\Layer">
      <UniqueIdentifier>{e5814d4f-af50-4c15-89d4-ef9b8164ae12}</UniqueIdentifier>
    </Filter>
    <Filter Include="Utility\Components\GeometryMesh">
      <UniqueIdentifier>{a3610940-af9a-4b7f-a11a-ef859fa938ca}</UniqueIdentifier>
    </Filter>
    <Filter Include="Utility\Components\GeometryMesh\2D">
      <UniqueIdentifier>{e4a31efb-9c63-4db6-ae25-3f886bf97e03}</UniqueIdentifier>
    </Filter>
    <Filter Include="Utility\Components\GeometryMesh\3D">
      <UniqueIdentifier>{c3999142-e124-405e-89ae-177a31cfb480}</UniqueIdentifier>
    </Filter>
    <Filter Include="Utility\GameObjects\DefaultGeometry">
      <UniqueIdentifier>{bf6fbe13-91ac-468b-8cd8-26f76d6f2db5}</UniqueIdentifier>
    </Filter>
    <Filter Include="Utility\PipleLine">
      <UniqueIdentifier>{2a2d9e89-7411-42c6-8e73-e246818c33bb}</UniqueIdentifier>
    </Filter>
    <Filter Include="Utility\Components\Shader">
      <UniqueIdentifier>{288c46b5-b6e7-47e4-b1b7-f19de8a39648}</UniqueIdentifier>
    </Filter>
    <Filter Include="0.Shaders">
      <UniqueIdentifier>{78eb3ad9-c6c8-4308-be57-35e2ca5c0ed0}</UniqueIdentifier>
    </Filter>
    <Filter Include="Utility\Components\Transform">
      <UniqueIdentifier>{b500aa2c-f20d-441d-9ecc-22b6baa991ac}</UniqueIdentifier>
    </Filter>
    <Filter Include="Utility\GameObjects\Camera">
      <UniqueIdentifier>{2bdad7d6-89e6-4cde-84be-b60495e3375e}</UniqueIdentifier>
    </Filter>
    <Filter Include="Utility\Components\Renderer">
      <UniqueIdentifier>{8f25aa8b-c0b4-4cdf-b681-c5aaf42a16e6}</UniqueIdentifier>
    </Filter>
    <Filter Include="Utility\PipleLine\PSO">
      <UniqueIdentifier>{41b3bb80-a7e6-4cc6-9896-3640acc0ba3c}</UniqueIdentifier>
    </Filter>
    <Filter Include="System\Interface">
      <UniqueIdentifier>{6e76f977-ace3-49c8-830b-95b293c017cf}</UniqueIdentifier>
    </Filter>
    <Filter Include="Utility\Components\Texture">
      <UniqueIdentifier>{88dd2c26-0265-4f76-a7a4-36e78875358f}</UniqueIdentifier>
    </Filter>
  </ItemGroup>
  <ItemGroup>
    <ClInclude Include="..\Public\Engine_Typedef.h">
      <Filter>Headers</Filter>
    </ClInclude>
    <ClInclude Include="..\Public\Engine_Defines.h">
      <Filter>Headers</Filter>
    </ClInclude>
    <ClInclude Include="..\Public\Engine_Macros.h">
      <Filter>Headers</Filter>
    </ClInclude>
    <ClInclude Include="..\Public\Engine_Functions.h">
      <Filter>Headers</Filter>
    </ClInclude>
    <ClInclude Include="..\Public\Base.h">
      <Filter>Utility\Base</Filter>
    </ClInclude>
    <ClInclude Include="..\Public\GameInstance.h">
      <Filter>Utility\GameInstance</Filter>
    </ClInclude>
    <ClInclude Include="..\Public\d3dx12.h">
      <Filter>Headers</Filter>
    </ClInclude>
    <ClInclude Include="..\Public\Engine_Struct.h">
      <Filter>Headers</Filter>
    </ClInclude>
    <ClInclude Include="..\Public\Graphic_Device.h">
      <Filter>System</Filter>
    </ClInclude>
    <ClInclude Include="..\Public\Component.h">
      <Filter>Utility\Components</Filter>
    </ClInclude>
    <ClInclude Include="..\Public\MeshGeometry.h">
      <Filter>Utility\Components\GeometryMesh</Filter>
    </ClInclude>
    <ClInclude Include="..\Public\DX12Test.h">
      <Filter>Utility</Filter>
    </ClInclude>
    <ClInclude Include="..\Public\Device_Utils.h">
      <Filter>System</Filter>
    </ClInclude>
    <ClInclude Include="..\Public\CubeMesh.h">
      <Filter>Utility\Components\GeometryMesh\3D</Filter>
    </ClInclude>
    <ClInclude Include="..\Public\GameObject.h">
      <Filter>Utility\GameObjects</Filter>
    </ClInclude>
    <ClInclude Include="..\Public\ComponentManager.h">
      <Filter>Utility\GameInstance\Managers</Filter>
    </ClInclude>
    <ClInclude Include="..\Public\ObjLayer.h">
      <Filter>Utility\GameObjects\Layer</Filter>
    </ClInclude>
    <ClInclude Include="..\Public\GameObjectManager.h">
      <Filter>Utility\GameInstance\Managers</Filter>
    </ClInclude>
    <ClInclude Include="..\Public\Cube.h">
      <Filter>Utility\GameObjects\DefaultGeometry</Filter>
    </ClInclude>
    <ClInclude Include="..\Public\UploadBuffer.h">
      <Filter>System</Filter>
    </ClInclude>
    <ClInclude Include="..\Public\PipelineManager.h">
      <Filter>Utility\PipleLine</Filter>
    </ClInclude>
    <ClInclude Include="..\Public\Engine_Enums.h">
      <Filter>Headers</Filter>
    </ClInclude>
    <ClInclude Include="..\Public\Shader.h">
      <Filter>Utility\Components\Shader</Filter>
    </ClInclude>
    <ClInclude Include="..\Public\Transform.h">
      <Filter>Utility\Components\Transform</Filter>
    </ClInclude>
    <ClInclude Include="..\Public\Camera.h">
      <Filter>Utility\GameObjects\Camera</Filter>
    </ClInclude>
    <ClInclude Include="..\Public\Renderer.h">
      <Filter>Utility\Components\Renderer</Filter>
    </ClInclude>
    <ClInclude Include="..\Public\PSO.h">
      <Filter>Utility\PipleLine\PSO</Filter>
    </ClInclude>
    <ClInclude Include="C:\Users\azn2w\Git\MyDX12Engine\Engine\Public\P_ManagerLegacy.h" />
    <ClInclude Include="..\Public\TriangleMesh.h">
      <Filter>Utility\Components\GeometryMesh\2D</Filter>
    </ClInclude>
    <ClInclude Include="..\Public\Triangle.h">
      <Filter>Utility\GameObjects\DefaultGeometry</Filter>
    </ClInclude>
    <ClInclude Include="..\Public\ObjMonobehaviour.h">
      <Filter>System\Interface</Filter>
    </ClInclude>
    <ClInclude Include="..\Public\Texture.h">
      <Filter>Utility\Components\Texture</Filter>
    </ClInclude>
    <ClInclude Include="..\Public\TriangleMesh_PT.h" />
  </ItemGroup>
  <ItemGroup>
    <ClCompile Include="..\Private\Base.cpp">
      <Filter>Utility\Base</Filter>
    </ClCompile>
    <ClCompile Include="..\Private\GameInstance.cpp">
      <Filter>Utility\GameInstance</Filter>
    </ClCompile>
    <ClCompile Include="..\Private\Graphic_Device.cpp">
      <Filter>System</Filter>
    </ClCompile>
    <ClCompile Include="..\Private\Component.cpp">
      <Filter>Utility\Components</Filter>
    </ClCompile>
    <ClCompile Include="..\Private\MeshGeometry.cpp">
      <Filter>Utility\Components\GeometryMesh</Filter>
    </ClCompile>
    <ClCompile Include="..\Private\Device_Utils.cpp">
      <Filter>System</Filter>
    </ClCompile>
    <ClCompile Include="..\Private\CubeMesh.cpp">
      <Filter>Utility\Components\GeometryMesh\3D</Filter>
    </ClCompile>
    <ClCompile Include="..\Private\GameObject.cpp">
      <Filter>Utility\GameObjects</Filter>
    </ClCompile>
    <ClCompile Include="..\Private\ComponentManager.cpp">
      <Filter>Utility\GameInstance\Managers</Filter>
    </ClCompile>
    <ClCompile Include="..\Private\ObjLayer.cpp">
      <Filter>Utility\GameObjects\Layer</Filter>
    </ClCompile>
    <ClCompile Include="..\Private\GameObjectManager.cpp">
      <Filter>Utility\GameInstance\Managers</Filter>
    </ClCompile>
    <ClCompile Include="..\Private\Cube.cpp">
      <Filter>Utility\GameObjects\DefaultGeometry</Filter>
    </ClCompile>
    <ClCompile Include="..\Private\PipelineManager.cpp">
      <Filter>Utility\PipleLine</Filter>
    </ClCompile>
    <ClCompile Include="..\Private\Shader.cpp">
      <Filter>Utility\Components\Shader</Filter>
    </ClCompile>
    <ClCompile Include="..\Private\Transform.cpp">
      <Filter>Utility\Components\Transform</Filter>
    </ClCompile>
    <ClCompile Include="..\Private\Camera.cpp">
      <Filter>Utility\GameObjects\Camera</Filter>
    </ClCompile>
    <ClCompile Include="..\Private\Renderer.cpp">
      <Filter>Utility\Components\Renderer</Filter>
    </ClCompile>
    <ClCompile Include="..\Private\PSO.cpp">
      <Filter>Utility\PipleLine\PSO</Filter>
    </ClCompile>
    <ClCompile Include="C:\Users\azn2w\Git\MyDX12Engine\Engine\Private\P_ManagerLegacy.cpp" />
    <ClCompile Include="..\Private\TriangleMesh.cpp">
      <Filter>Utility\Components\GeometryMesh\2D</Filter>
    </ClCompile>
    <ClCompile Include="..\Private\Triangle.cpp">
      <Filter>Utility\GameObjects\DefaultGeometry</Filter>
    </ClCompile>
    <ClCompile Include="..\Private\ObjMonobehaviour.cpp">
      <Filter>System\Interface</Filter>
    </ClCompile>
    <ClCompile Include="..\Private\Texture.cpp">
      <Filter>Utility\Components\Texture</Filter>
    </ClCompile>
    <ClCompile Include="..\Bin\Shader\simpleShader2.hlsl">
      <Filter>0.Shaders</Filter>
    </ClCompile>
    <ClCompile Include="..\Private\TriangleMesh_PT.cpp" />
  </ItemGroup>
  <ItemGroup>
    <FxCompile Include="shaderTest.hlsl" />
    <FxCompile Include="..\Bin\Shader\color0.hlsl">
      <Filter>0.Shaders</Filter>
    </FxCompile>
    <FxCompile Include="..\Bin\Shader\color1.hlsl">
      <Filter>0.Shaders</Filter>
    </FxCompile>
    <FxCompile Include="..\Bin\Shader\simpleShader.hlsl">
      <Filter>0.Shaders</Filter>
    </FxCompile>
  </ItemGroup>
  <ItemGroup>
    <None Include="ClassDiagram.cd" />
    <None Include="packages.config" />
  </ItemGroup>
</Project>